
Microsoft Visual Studio Solution File, Format Version 12.00
# Visual Studio Version 16
VisualStudioVersion = 16.0.30011.22
MinimumVisualStudioVersion = 10.0.40219.1
Project("{9A19103F-16F7-4668-BE54-9A1E7A4F7556}") = "CareerCloud.Pocos", "CareerCloud.Pocos\CareerCloud.Pocos.csproj", "{2DAEFF09-20D8-4AD0-858B-6ED5ACB26FDD}"
EndProject
Project("{9A19103F-16F7-4668-BE54-9A1E7A4F7556}") = "CareerCloudCore.UnitTests.Assignment1", "CareerCloudCore.UnitTests.Assignment1\CareerCloudCore.UnitTests.Assignment1.csproj", "{902A8206-2ADB-4905-BA2B-BD79CF15E120}"
EndProject
Project("{9A19103F-16F7-4668-BE54-9A1E7A4F7556}") = "CareerCloud.DataAccessLayer", "CareerCloud.DataAccessLayer\CareerCloud.DataAccessLayer.csproj", "{DD45DB99-6BBE-450D-AB65-6BF265FC937D}"
EndProject
Project("{9A19103F-16F7-4668-BE54-9A1E7A4F7556}") = "CareerCloud.ADODataAccessLayer", "CareerCloud.ADODataAccessLayer\CareerCloud.ADODataAccessLayer.csproj", "{25556391-AF6D-4886-B782-3C7A4BB50873}"
EndProject
Project("{9A19103F-16F7-4668-BE54-9A1E7A4F7556}") = "CareerCloudCore.UnitTests.Assignment2", "CareerCloudCore.UnitTests.Assignment2\CareerCloudCore.UnitTests.Assignment2.csproj", "{D8B73205-C9E1-4669-9D30-4977B4675196}"
EndProject
Project("{9A19103F-16F7-4668-BE54-9A1E7A4F7556}") = "CareerCloud.BusinessLogicLayer", "CareerCloud.BusinessLogicLayer\CareerCloud.BusinessLogicLayer.csproj", "{F0A55F55-3A0B-4DAF-9F4C-1796F88D4E34}"
EndProject
Project("{9A19103F-16F7-4668-BE54-9A1E7A4F7556}") = "CareerCloudCore.UnitTests.Assignment3", "CareerCloudCore.UnitTests.Assignment3\CareerCloudCore.UnitTests.Assignment3.csproj", "{BC6B5DB9-ADB7-475D-9518-452283D6E06F}"
EndProject
Project("{9A19103F-16F7-4668-BE54-9A1E7A4F7556}") = "CareerCloud.EntityFrameworkDataAccess", "CareerCloud.EntityFrameworkDataAccess\CareerCloud.EntityFrameworkDataAccess.csproj", "{844262A1-0C6A-41E1-8D35-2A9E7D66682C}"
EndProject
Project("{9A19103F-16F7-4668-BE54-9A1E7A4F7556}") = "CareerCloudCore.UnitTests.Assignment4", "CareerCloudCore.UnitTests.Assignment4\CareerCloudCore.UnitTests.Assignment4.csproj", "{897B2E27-036B-4F8B-8642-6276DB12F3F5}"
EndProject
Project("{FAE04EC0-301F-11D3-BF4B-00C04F79EFBC}") = "CareerCloud.WebAPI", "CareerCloud.WebAPI\CareerCloud.WebAPI.csproj", "{62FD7395-1211-40B6-8F1C-0FD7FF9AD670}"
EndProject
Project("{9A19103F-16F7-4668-BE54-9A1E7A4F7556}") = "CareerCloudCore.UnitTests.Assignment5", "..\CareerCloudCore.UnitTests.Assignment5\CareerCloudCore.UnitTests.Assignment5.csproj", "{AA364552-55DF-46D4-82EC-2FCE0DC27BF3}"
EndProject
Global
	GlobalSection(SolutionConfigurationPlatforms) = preSolution
		Debug|Any CPU = Debug|Any CPU
		Release|Any CPU = Release|Any CPU
	EndGlobalSection
	GlobalSection(ProjectConfigurationPlatforms) = postSolution
		{2DAEFF09-20D8-4AD0-858B-6ED5ACB26FDD}.Debug|Any CPU.ActiveCfg = Debug|Any CPU
		{2DAEFF09-20D8-4AD0-858B-6ED5ACB26FDD}.Debug|Any CPU.Build.0 = Debug|Any CPU
		{2DAEFF09-20D8-4AD0-858B-6ED5ACB26FDD}.Release|Any CPU.ActiveCfg = Release|Any CPU
		{2DAEFF09-20D8-4AD0-858B-6ED5ACB26FDD}.Release|Any CPU.Build.0 = Release|Any CPU
		{902A8206-2ADB-4905-BA2B-BD79CF15E120}.Debug|Any CPU.ActiveCfg = Debug|Any CPU
		{902A8206-2ADB-4905-BA2B-BD79CF15E120}.Debug|Any CPU.Build.0 = Debug|Any CPU
		{902A8206-2ADB-4905-BA2B-BD79CF15E120}.Release|Any CPU.ActiveCfg = Release|Any CPU
		{902A8206-2ADB-4905-BA2B-BD79CF15E120}.Release|Any CPU.Build.0 = Release|Any CPU
		{DD45DB99-6BBE-450D-AB65-6BF265FC937D}.Debug|Any CPU.ActiveCfg = Debug|Any CPU
		{DD45DB99-6BBE-450D-AB65-6BF265FC937D}.Debug|Any CPU.Build.0 = Debug|Any CPU
		{DD45DB99-6BBE-450D-AB65-6BF265FC937D}.Release|Any CPU.ActiveCfg = Release|Any CPU
		{DD45DB99-6BBE-450D-AB65-6BF265FC937D}.Release|Any CPU.Build.0 = Release|Any CPU
		{25556391-AF6D-4886-B782-3C7A4BB50873}.Debug|Any CPU.ActiveCfg = Debug|Any CPU
		{25556391-AF6D-4886-B782-3C7A4BB50873}.Debug|Any CPU.Build.0 = Debug|Any CPU
		{25556391-AF6D-4886-B782-3C7A4BB50873}.Release|Any CPU.ActiveCfg = Release|Any CPU
		{25556391-AF6D-4886-B782-3C7A4BB50873}.Release|Any CPU.Build.0 = Release|Any CPU
		{D8B73205-C9E1-4669-9D30-4977B4675196}.Debug|Any CPU.ActiveCfg = Debug|Any CPU
		{D8B73205-C9E1-4669-9D30-4977B4675196}.Debug|Any CPU.Build.0 = Debug|Any CPU
		{D8B73205-C9E1-4669-9D30-4977B4675196}.Release|Any CPU.ActiveCfg = Release|Any CPU
		{D8B73205-C9E1-4669-9D30-4977B4675196}.Release|Any CPU.Build.0 = Release|Any CPU
		{F0A55F55-3A0B-4DAF-9F4C-1796F88D4E34}.Debug|Any CPU.ActiveCfg = Debug|Any CPU
		{F0A55F55-3A0B-4DAF-9F4C-1796F88D4E34}.Debug|Any CPU.Build.0 = Debug|Any CPU
		{F0A55F55-3A0B-4DAF-9F4C-1796F88D4E34}.Release|Any CPU.ActiveCfg = Release|Any CPU
		{F0A55F55-3A0B-4DAF-9F4C-1796F88D4E34}.Release|Any CPU.Build.0 = Release|Any CPU
		{BC6B5DB9-ADB7-475D-9518-452283D6E06F}.Debug|Any CPU.ActiveCfg = Debug|Any CPU
		{BC6B5DB9-ADB7-475D-9518-452283D6E06F}.Debug|Any CPU.Build.0 = Debug|Any CPU
		{BC6B5DB9-ADB7-475D-9518-452283D6E06F}.Release|Any CPU.ActiveCfg = Release|Any CPU
		{BC6B5DB9-ADB7-475D-9518-452283D6E06F}.Release|Any CPU.Build.0 = Release|Any CPU
		{844262A1-0C6A-41E1-8D35-2A9E7D66682C}.Debug|Any CPU.ActiveCfg = Debug|Any CPU
		{844262A1-0C6A-41E1-8D35-2A9E7D66682C}.Debug|Any CPU.Build.0 = Debug|Any CPU
		{844262A1-0C6A-41E1-8D35-2A9E7D66682C}.Release|Any CPU.ActiveCfg = Release|Any CPU
		{844262A1-0C6A-41E1-8D35-2A9E7D66682C}.Release|Any CPU.Build.0 = Release|Any CPU
		{897B2E27-036B-4F8B-8642-6276DB12F3F5}.Debug|Any CPU.ActiveCfg = Debug|Any CPU
		{897B2E27-036B-4F8B-8642-6276DB12F3F5}.Debug|Any CPU.Build.0 = Debug|Any CPU
		{897B2E27-036B-4F8B-8642-6276DB12F3F5}.Release|Any CPU.ActiveCfg = Release|Any CPU
		{897B2E27-036B-4F8B-8642-6276DB12F3F5}.Release|Any CPU.Build.0 = Release|Any CPU
		{62FD7395-1211-40B6-8F1C-0FD7FF9AD670}.Debug|Any CPU.ActiveCfg = Debug|Any CPU
		{62FD7395-1211-40B6-8F1C-0FD7FF9AD670}.Debug|Any CPU.Build.0 = Debug|Any CPU
		{62FD7395-1211-40B6-8F1C-0FD7FF9AD670}.Release|Any CPU.ActiveCfg = Release|Any CPU
		{62FD7395-1211-40B6-8F1C-0FD7FF9AD670}.Release|Any CPU.Build.0 = Release|Any CPU
		{AA364552-55DF-46D4-82EC-2FCE0DC27BF3}.Debug|Any CPU.ActiveCfg = Debug|Any CPU
		{AA364552-55DF-46D4-82EC-2FCE0DC27BF3}.Debug|Any CPU.Build.0 = Debug|Any CPU
		{AA364552-55DF-46D4-82EC-2FCE0DC27BF3}.Release|Any CPU.ActiveCfg = Release|Any CPU
		{AA364552-55DF-46D4-82EC-2FCE0DC27BF3}.Release|Any CPU.Build.0 = Release|Any CPU
	EndGlobalSection
	GlobalSection(SolutionProperties) = preSolution
		HideSolutionNode = FALSE
	EndGlobalSection
	GlobalSection(ExtensibilityGlobals) = postSolution
		SolutionGuid = {796F7075-4627-4C20-BA5E-7DA2015BD6B7}
	EndGlobalSection
EndGlobal
